<?xml version="1.0" encoding="utf-8"?>
<Project ToolsVersion="4.0" xmlns="http://schemas.microsoft.com/developer/msbuild/2003">
  <ItemGroup>
    <Filter Include="Source Files">
      <UniqueIdentifier>{4FC737F1-C7A5-4376-A066-2A32D752A2FF}</UniqueIdentifier>
      <Extensions>cpp;c;cc;cxx;def;odl;idl;hpj;bat;asm;asmx</Extensions>
    </Filter>
    <Filter Include="Header Files">
      <UniqueIdentifier>{93995380-89BD-4b04-88EB-625FBE52EBFB}</UniqueIdentifier>
      <Extensions>h;hpp;hxx;hm;inl;inc;xsd</Extensions>
    </Filter>
    <Filter Include="Resource Files">
      <UniqueIdentifier>{67DA6AB6-F800-4c08-8B7A-83BB121AAD01}</UniqueIdentifier>
      <Extensions>rc;ico;cur;bmp;dlg;rc2;rct;bin;rgs;gif;jpg;jpeg;jpe;resx;tiff;tif;png;wav;mfcribbon-ms</Extensions>
    </Filter>
    <Filter Include="GX_LIB">
      <UniqueIdentifier>{5a97a9fe-0c8a-4ff7-8838-ed91e5f11372}</UniqueIdentifier>
    </Filter>
    <Filter Include="GX_LIB\GXUI">
      <UniqueIdentifier>{23e4329f-6796-4173-9604-368bee31a310}</UniqueIdentifier>
    </Filter>
    <Filter Include="GX_LIB\Utility">
      <UniqueIdentifier>{f396c5e7-38b9-476c-bfd3-878303e7de79}</UniqueIdentifier>
    </Filter>
    <Filter Include="GX_LIB\FILE_IO">
      <UniqueIdentifier>{dce9018b-c0ae-4ad6-a492-0754eda62fa3}</UniqueIdentifier>
    </Filter>
    <Filter Include="olm_v">
      <UniqueIdentifier>{37b1c4a6-f8fb-477d-8774-ca558182ac0e}</UniqueIdentifier>
    </Filter>
    <Filter Include="olm_c">
      <UniqueIdentifier>{f443e7f7-795d-4cb1-afb4-f9eff35febc2}</UniqueIdentifier>
    </Filter>
    <Filter Include="olm_m">
      <UniqueIdentifier>{8d17c46b-f82d-4ff0-bdcd-33706f71b262}</UniqueIdentifier>
    </Filter>
  </ItemGroup>
  <ItemGroup>
    <None Include="ReadMe.txt" />
  </ItemGroup>
  <ItemGroup>
    <ClInclude Include="stdafx.h">
      <Filter>Header Files</Filter>
    </ClInclude>
    <ClInclude Include="targetver.h">
      <Filter>Header Files</Filter>
    </ClInclude>
    <ClInclude Include="..\..\..\GX_LIB\GXUI\UI2D.h">
      <Filter>GX_LIB\GXUI</Filter>
    </ClInclude>
    <ClInclude Include="..\..\..\GX_LIB\GXUI\UI3D.h">
      <Filter>GX_LIB\GXUI</Filter>
    </ClInclude>
    <ClInclude Include="..\..\..\GX_LIB\GXUI\UIBase.h">
      <Filter>GX_LIB\GXUI</Filter>
    </ClInclude>
    <ClInclude Include="..\..\..\GX_LIB\GXUI\UIPlugIN.h">
      <Filter>GX_LIB\GXUI</Filter>
    </ClInclude>
    <ClInclude Include="..\..\..\GX_LIB\GXUI\UIRender.h">
      <Filter>GX_LIB\GXUI</Filter>
    </ClInclude>
    <ClInclude Include="..\..\..\GX_LIB\GXUI\UIUtil.h">
      <Filter>GX_LIB\GXUI</Filter>
    </ClInclude>
    <ClInclude Include="..\..\..\GX_LIB\GXUI\UIWidget.h">
      <Filter>GX_LIB\GXUI</Filter>
    </ClInclude>
    <ClInclude Include="..\..\..\GX_LIB\GXUI\UIWinShell.h">
      <Filter>GX_LIB\GXUI</Filter>
    </ClInclude>
    <ClInclude Include="..\..\..\GX_LIB\Utility\GXUtil.h">
      <Filter>GX_LIB\Utility</Filter>
    </ClInclude>
    <ClInclude Include="..\..\..\GX_LIB\FILE_IO\GXTXT.h">
      <Filter>GX_LIB\FILE_IO</Filter>
    </ClInclude>
    <ClInclude Include="..\..\olm_c\OLMConfigControl.h">
      <Filter>olm_c</Filter>
    </ClInclude>
    <ClInclude Include="..\..\olm_c\OLMProControl.h">
      <Filter>olm_c</Filter>
    </ClInclude>
    <ClInclude Include="UIOS.h">
      <Filter>olm_v</Filter>
    </ClInclude>
    <ClInclude Include="..\..\olm_m\OSLogic.h">
      <Filter>olm_m</Filter>
    </ClInclude>
    <ClInclude Include="olm_os.h">
      <Filter>Header Files</Filter>
    </ClInclude>
    <ClInclude Include="resource.h">
      <Filter>Header Files</Filter>
    </ClInclude>
    <ClInclude Include="..\..\olm_c\OLMDBControl.h">
      <Filter>olm_c</Filter>
    </ClInclude>
  </ItemGroup>
  <ItemGroup>
    <ClCompile Include="stdafx.cpp">
      <Filter>Source Files</Filter>
    </ClCompile>
    <ClCompile Include="olm_os.cpp">
      <Filter>Source Files</Filter>
    </ClCompile>
    <ClCompile Include="..\..\..\GX_LIB\GXUI\UI2D.cpp">
      <Filter>GX_LIB\GXUI</Filter>
    </ClCompile>
    <ClCompile Include="..\..\..\GX_LIB\GXUI\UI3D.cpp">
      <Filter>GX_LIB\GXUI</Filter>
    </ClCompile>
    <ClCompile Include="..\..\..\GX_LIB\GXUI\UIBase.cpp">
      <Filter>GX_LIB\GXUI</Filter>
    </ClCompile>
    <ClCompile Include="..\..\..\GX_LIB\GXUI\UIPlugIN.cpp">
      <Filter>GX_LIB\GXUI</Filter>
    </ClCompile>
    <ClCompile Include="..\..\..\GX_LIB\GXUI\UIRender.cpp">
      <Filter>GX_LIB\GXUI</Filter>
    </ClCompile>
    <ClCompile Include="..\..\..\GX_LIB\GXUI\UIUtil.cpp">
      <Filter>GX_LIB\GXUI</Filter>
    </ClCompile>
    <ClCompile Include="..\..\..\GX_LIB\GXUI\UIWidget.cpp">
      <Filter>GX_LIB\GXUI</Filter>
    </ClCompile>
    <ClCompile Include="..\..\..\GX_LIB\GXUI\UIWinShell.cpp">
      <Filter>GX_LIB\GXUI</Filter>
    </ClCompile>
    <ClCompile Include="..\..\..\GX_LIB\Utility\GXUtil.cpp">
      <Filter>GX_LIB\Utility</Filter>
    </ClCompile>
    <ClCompile Include="..\..\..\GX_LIB\FILE_IO\GXTXT.cpp">
      <Filter>GX_LIB\FILE_IO</Filter>
    </ClCompile>
    <ClCompile Include="..\..\olm_c\OLMConfigControl.cpp">
      <Filter>olm_c</Filter>
    </ClCompile>
    <ClCompile Include="..\..\olm_c\OLMProControl.cpp">
      <Filter>olm_c</Filter>
    </ClCompile>
    <ClCompile Include="UIOS.cpp">
      <Filter>olm_v</Filter>
    </ClCompile>
    <ClCompile Include="..\..\olm_m\OSLogic.cpp">
      <Filter>olm_m</Filter>
    </ClCompile>
    <ClCompile Include="..\..\olm_c\OLMDBControl.cpp">
      <Filter>olm_c</Filter>
    </ClCompile>
  </ItemGroup>
  <ItemGroup>
    <ResourceCompile Include="olm_os.rc">
      <Filter>Resource Files</Filter>
    </ResourceCompile>
  </ItemGroup>
</Project>