<?xml version="1.0" encoding="utf-8"?>
<Project ToolsVersion="4.0" xmlns="http://schemas.microsoft.com/developer/msbuild/2003">
  <ItemGroup>
    <Filter Include="Source Files">
      <UniqueIdentifier>{4FC737F1-C7A5-4376-A066-2A32D752A2FF}</UniqueIdentifier>
      <Extensions>cpp;c;cc;cxx;def;odl;idl;hpj;bat;asm;asmx</Extensions>
    </Filter>
    <Filter Include="Header Files">
      <UniqueIdentifier>{93995380-89BD-4b04-88EB-625FBE52EBFB}</UniqueIdentifier>
      <Extensions>h;hpp;hxx;hm;inl;inc;xsd</Extensions>
    </Filter>
    <Filter Include="Resource Files">
      <UniqueIdentifier>{67DA6AB6-F800-4c08-8B7A-83BB121AAD01}</UniqueIdentifier>
      <Extensions>rc;ico;cur;bmp;dlg;rc2;rct;bin;rgs;gif;jpg;jpeg;jpe;resx;tiff;tif;png;wav;mfcribbon-ms</Extensions>
    </Filter>
    <Filter Include="GX_LIB">
      <UniqueIdentifier>{836166ec-0b9c-440a-ba26-1889ca1fed08}</UniqueIdentifier>
    </Filter>
    <Filter Include="GX_LIB\GXUI">
      <UniqueIdentifier>{7c9ce112-7447-4ea1-8dea-92752d19a49f}</UniqueIdentifier>
    </Filter>
    <Filter Include="GX_LIB\Utility">
      <UniqueIdentifier>{bc194b8b-62e9-4e49-bcd5-09f482c39fa8}</UniqueIdentifier>
    </Filter>
    <Filter Include="GX_LIB\FILE_IO">
      <UniqueIdentifier>{18bbc2c1-6307-41e2-8b04-e485ee475730}</UniqueIdentifier>
    </Filter>
    <Filter Include="GX_LIB\Communication_IO">
      <UniqueIdentifier>{c2cad432-09be-4e98-9a59-8d7af22633b2}</UniqueIdentifier>
    </Filter>
    <Filter Include="wss_c">
      <UniqueIdentifier>{0625da87-1761-4fb6-a54c-be0762de3d95}</UniqueIdentifier>
    </Filter>
    <Filter Include="wss_v">
      <UniqueIdentifier>{e257ce91-1f82-4e96-a152-bfab7a112281}</UniqueIdentifier>
    </Filter>
  </ItemGroup>
  <ItemGroup>
    <None Include="ReadMe.txt" />
  </ItemGroup>
  <ItemGroup>
    <ClInclude Include="stdafx.h">
      <Filter>Header Files</Filter>
    </ClInclude>
    <ClInclude Include="targetver.h">
      <Filter>Header Files</Filter>
    </ClInclude>
    <ClInclude Include="..\..\..\GX_LIB\GXUI\UI2D.h">
      <Filter>GX_LIB\GXUI</Filter>
    </ClInclude>
    <ClInclude Include="..\..\..\GX_LIB\GXUI\UI3D.h">
      <Filter>GX_LIB\GXUI</Filter>
    </ClInclude>
    <ClInclude Include="..\..\..\GX_LIB\GXUI\UIBase.h">
      <Filter>GX_LIB\GXUI</Filter>
    </ClInclude>
    <ClInclude Include="..\..\..\GX_LIB\GXUI\UIPlugIN.h">
      <Filter>GX_LIB\GXUI</Filter>
    </ClInclude>
    <ClInclude Include="..\..\..\GX_LIB\GXUI\UIRender.h">
      <Filter>GX_LIB\GXUI</Filter>
    </ClInclude>
    <ClInclude Include="..\..\..\GX_LIB\GXUI\UIUtil.h">
      <Filter>GX_LIB\GXUI</Filter>
    </ClInclude>
    <ClInclude Include="..\..\..\GX_LIB\GXUI\UIWidget.h">
      <Filter>GX_LIB\GXUI</Filter>
    </ClInclude>
    <ClInclude Include="..\..\..\GX_LIB\GXUI\UIWinShell.h">
      <Filter>GX_LIB\GXUI</Filter>
    </ClInclude>
    <ClInclude Include="..\..\..\GX_LIB\Utility\GXUtil.h">
      <Filter>GX_LIB\Utility</Filter>
    </ClInclude>
    <ClInclude Include="..\..\..\GX_LIB\FILE_IO\GXTXT.h">
      <Filter>GX_LIB\FILE_IO</Filter>
    </ClInclude>
    <ClInclude Include="..\..\..\GX_LIB\Communication_IO\GXSerial.h">
      <Filter>GX_LIB\Communication_IO</Filter>
    </ClInclude>
    <ClInclude Include="..\..\..\GX_LIB\Communication_IO\GXUDP.h">
      <Filter>GX_LIB\Communication_IO</Filter>
    </ClInclude>
    <ClInclude Include="..\..\wss_c\WSSProBaseControl.h">
      <Filter>wss_c</Filter>
    </ClInclude>
    <ClInclude Include="UIAtt.h">
      <Filter>wss_v</Filter>
    </ClInclude>
    <ClInclude Include="wss_att.h">
      <Filter>Header Files</Filter>
    </ClInclude>
    <ClInclude Include="resource.h">
      <Filter>Header Files</Filter>
    </ClInclude>
    <ClInclude Include="..\..\wss_c\WSSConfigControl.h">
      <Filter>wss_c</Filter>
    </ClInclude>
  </ItemGroup>
  <ItemGroup>
    <ClCompile Include="stdafx.cpp">
      <Filter>Source Files</Filter>
    </ClCompile>
    <ClCompile Include="wss_att.cpp">
      <Filter>Source Files</Filter>
    </ClCompile>
    <ClCompile Include="..\..\..\GX_LIB\GXUI\UI2D.cpp">
      <Filter>GX_LIB\GXUI</Filter>
    </ClCompile>
    <ClCompile Include="..\..\..\GX_LIB\GXUI\UI3D.cpp">
      <Filter>GX_LIB\GXUI</Filter>
    </ClCompile>
    <ClCompile Include="..\..\..\GX_LIB\GXUI\UIBase.cpp">
      <Filter>GX_LIB\GXUI</Filter>
    </ClCompile>
    <ClCompile Include="..\..\..\GX_LIB\GXUI\UIPlugIN.cpp">
      <Filter>GX_LIB\GXUI</Filter>
    </ClCompile>
    <ClCompile Include="..\..\..\GX_LIB\GXUI\UIRender.cpp">
      <Filter>GX_LIB\GXUI</Filter>
    </ClCompile>
    <ClCompile Include="..\..\..\GX_LIB\GXUI\UIUtil.cpp">
      <Filter>GX_LIB\GXUI</Filter>
    </ClCompile>
    <ClCompile Include="..\..\..\GX_LIB\GXUI\UIWidget.cpp">
      <Filter>GX_LIB\GXUI</Filter>
    </ClCompile>
    <ClCompile Include="..\..\..\GX_LIB\GXUI\UIWinShell.cpp">
      <Filter>GX_LIB\GXUI</Filter>
    </ClCompile>
    <ClCompile Include="..\..\..\GX_LIB\Utility\GXUtil.cpp">
      <Filter>GX_LIB\Utility</Filter>
    </ClCompile>
    <ClCompile Include="..\..\..\GX_LIB\FILE_IO\GXTXT.cpp">
      <Filter>GX_LIB\FILE_IO</Filter>
    </ClCompile>
    <ClCompile Include="..\..\..\GX_LIB\Communication_IO\GXSerial.cpp">
      <Filter>GX_LIB\Communication_IO</Filter>
    </ClCompile>
    <ClCompile Include="..\..\..\GX_LIB\Communication_IO\GXUDP.cpp">
      <Filter>GX_LIB\Communication_IO</Filter>
    </ClCompile>
    <ClCompile Include="..\..\wss_c\WSSProBaseControl.cpp">
      <Filter>wss_c</Filter>
    </ClCompile>
    <ClCompile Include="UIAtt.cpp">
      <Filter>wss_v</Filter>
    </ClCompile>
    <ClCompile Include="..\..\wss_c\WSSConfigControl.cpp">
      <Filter>wss_c</Filter>
    </ClCompile>
  </ItemGroup>
  <ItemGroup>
    <ResourceCompile Include="wss_att.rc">
      <Filter>Resource Files</Filter>
    </ResourceCompile>
  </ItemGroup>
</Project>